
Microsoft Visual Studio Solution File, Format Version 12.00
# Visual Studio Version 17
VisualStudioVersion = 17.1.32210.238
MinimumVisualStudioVersion = 10.0.40219.1
Project("{FAE04EC0-301F-11D3-BF4B-00C04F79EFBC}") = "Shape_AI", "Shape_AI\Shape_AI.csproj", "{913DBE3F-45B5-4373-A597-25195B34A23D}"
EndProject
Global
	GlobalSection(SolutionConfigurationPlatforms) = preSolution
		Debug|Any CPU = Debug|Any CPU
		Release|Any CPU = Release|Any CPU
	EndGlobalSection
	GlobalSection(ProjectConfigurationPlatforms) = postSolution
		{913DBE3F-45B5-4373-A597-25195B34A23D}.Debug|Any CPU.ActiveCfg = Debug|Any CPU
		{913DBE3F-45B5-4373-A597-25195B34A23D}.Debug|Any CPU.Build.0 = Debug|Any CPU
		{913DBE3F-45B5-4373-A597-25195B34A23D}.Release|Any CPU.ActiveCfg = Release|Any CPU
		{913DBE3F-45B5-4373-A597-25195B34A23D}.Release|Any CPU.Build.0 = Release|Any CPU
	EndGlobalSection
	GlobalSection(SolutionProperties) = preSolution
		HideSolutionNode = FALSE
	EndGlobalSection
	GlobalSection(ExtensibilityGlobals) = postSolution
		SolutionGuid = {4DEA830D-80D6-4B53-A0DD-40C14B12C116}
	EndGlobalSection
EndGlobal
